
Microsoft Visual Studio Solution File, Format Version 12.00
# Visual Studio Version 16
VisualStudioVersion = 16.0.31702.278
MinimumVisualStudioVersion = 10.0.40219.1
Project("{8BC9CEB8-8B4A-11D0-8D11-00A0C91BC942}") = "laba4.1", "laba4.1\laba4.1.vcxproj", "{65B932FB-1D77-470C-A06A-065D29F8F200}"
EndProject
Global
	GlobalSection(SolutionConfigurationPlatforms) = preSolution
		Debug|x64 = Debug|x64
		Debug|x86 = Debug|x86
		Release|x64 = Release|x64
		Release|x86 = Release|x86
	EndGlobalSection
	GlobalSection(ProjectConfigurationPlatforms) = postSolution
		{65B932FB-1D77-470C-A06A-065D29F8F200}.Debug|x64.ActiveCfg = Debug|x64
		{65B932FB-1D77-470C-A06A-065D29F8F200}.Debug|x64.Build.0 = Debug|x64
		{65B932FB-1D77-470C-A06A-065D29F8F200}.Debug|x86.ActiveCfg = Debug|Win32
		{65B932FB-1D77-470C-A06A-065D29F8F200}.Debug|x86.Build.0 = Debug|Win32
		{65B932FB-1D77-470C-A06A-065D29F8F200}.Release|x64.ActiveCfg = Release|x64
		{65B932FB-1D77-470C-A06A-065D29F8F200}.Release|x64.Build.0 = Release|x64
		{65B932FB-1D77-470C-A06A-065D29F8F200}.Release|x86.ActiveCfg = Release|Win32
		{65B932FB-1D77-470C-A06A-065D29F8F200}.Release|x86.Build.0 = Release|Win32
	EndGlobalSection
	GlobalSection(SolutionProperties) = preSolution
		HideSolutionNode = FALSE
	EndGlobalSection
	GlobalSection(ExtensibilityGlobals) = postSolution
		SolutionGuid = {EAFA1F25-2270-4AFD-87AA-0A76883647C1}
	EndGlobalSection
EndGlobal
