
Microsoft Visual Studio Solution File, Format Version 12.00
# Visual Studio Version 16
VisualStudioVersion = 16.0.31702.278
MinimumVisualStudioVersion = 10.0.40219.1
Project("{8BC9CEB8-8B4A-11D0-8D11-00A0C91BC942}") = "laba4.5", "laba4.5\laba4.5.vcxproj", "{FF7FF382-1F9B-4446-B3EF-2283A5CA68D5}"
EndProject
Global
	GlobalSection(SolutionConfigurationPlatforms) = preSolution
		Debug|x64 = Debug|x64
		Debug|x86 = Debug|x86
		Release|x64 = Release|x64
		Release|x86 = Release|x86
	EndGlobalSection
	GlobalSection(ProjectConfigurationPlatforms) = postSolution
		{FF7FF382-1F9B-4446-B3EF-2283A5CA68D5}.Debug|x64.ActiveCfg = Debug|x64
		{FF7FF382-1F9B-4446-B3EF-2283A5CA68D5}.Debug|x64.Build.0 = Debug|x64
		{FF7FF382-1F9B-4446-B3EF-2283A5CA68D5}.Debug|x86.ActiveCfg = Debug|Win32
		{FF7FF382-1F9B-4446-B3EF-2283A5CA68D5}.Debug|x86.Build.0 = Debug|Win32
		{FF7FF382-1F9B-4446-B3EF-2283A5CA68D5}.Release|x64.ActiveCfg = Release|x64
		{FF7FF382-1F9B-4446-B3EF-2283A5CA68D5}.Release|x64.Build.0 = Release|x64
		{FF7FF382-1F9B-4446-B3EF-2283A5CA68D5}.Release|x86.ActiveCfg = Release|Win32
		{FF7FF382-1F9B-4446-B3EF-2283A5CA68D5}.Release|x86.Build.0 = Release|Win32
	EndGlobalSection
	GlobalSection(SolutionProperties) = preSolution
		HideSolutionNode = FALSE
	EndGlobalSection
	GlobalSection(ExtensibilityGlobals) = postSolution
		SolutionGuid = {EDD063D3-D204-4FA1-98CF-9710754C7589}
	EndGlobalSection
EndGlobal
